Microsoft Visual Studio Solution File, Format Version 10.00
# Visual C# Express 2008
Project("{FAE04EC0-301F-11D3-BF4B-00C04F79EFBC}") = "PALer", "PALer.csproj", "{B1AEED39-930C-477B-AC3A-2E98B4B5D30D}"
EndProject
Global
	GlobalSection(SolutionConfigurationPlatforms) = preSolution
		Debug|Any CPU = Debug|Any CPU
		Release|Any CPU = Release|Any CPU
	EndGlobalSection
	GlobalSection(ProjectConfigurationPlatforms) = postSolution
		{B1AEED39-930C-477B-AC3A-2E98B4B5D30D}.Debug|Any CPU.ActiveCfg = Debug|Any CPU
		{B1AEED39-930C-477B-AC3A-2E98B4B5D30D}.Debug|Any CPU.Build.0 = Debug|Any CPU
		{B1AEED39-930C-477B-AC3A-2E98B4B5D30D}.Release|Any CPU.ActiveCfg = Release|Any CPU
		{B1AEED39-930C-477B-AC3A-2E98B4B5D30D}.Release|Any CPU.Build.0 = Release|Any CPU
	EndGlobalSection
	GlobalSection(SolutionProperties) = preSolution
		HideSolutionNode = FALSE
	EndGlobalSection
EndGlobal
